
Microsoft Visual Studio Solution File, Format Version 12.00
# Visual Studio 15
VisualStudioVersion = 15.0.27703.2047
MinimumVisualStudioVersion = 10.0.40219.1
Project("{FAE04EC0-301F-11D3-BF4B-00C04F79EFBC}") = "Midly", "Midly\Midly.csproj", "{5D9B5D3A-8F48-41E4-875E-4FD4CD848F2E}"
EndProject
Global
	GlobalSection(SolutionConfigurationPlatforms) = preSolution
		Debug|Any CPU = Debug|Any CPU
		Release|Any CPU = Release|Any CPU
	EndGlobalSection
	GlobalSection(ProjectConfigurationPlatforms) = postSolution
		{5D9B5D3A-8F48-41E4-875E-4FD4CD848F2E}.Debug|Any CPU.ActiveCfg = Debug|Any CPU
		{5D9B5D3A-8F48-41E4-875E-4FD4CD848F2E}.Debug|Any CPU.Build.0 = Debug|Any CPU
		{5D9B5D3A-8F48-41E4-875E-4FD4CD848F2E}.Release|Any CPU.ActiveCfg = Release|Any CPU
		{5D9B5D3A-8F48-41E4-875E-4FD4CD848F2E}.Release|Any CPU.Build.0 = Release|Any CPU
	EndGlobalSection
	GlobalSection(SolutionProperties) = preSolution
		HideSolutionNode = FALSE
	EndGlobalSection
	GlobalSection(ExtensibilityGlobals) = postSolution
		SolutionGuid = {2A37E472-F655-4115-83DB-E50C279B689E}
	EndGlobalSection
EndGlobal
